
Microsoft Visual Studio Solution File, Format Version 12.00
# Visual Studio Version 16
VisualStudioVersion = 16.0.32106.194
MinimumVisualStudioVersion = 10.0.40219.1
Project("{FAE04EC0-301F-11D3-BF4B-00C04F79EFBC}") = "BookStore", "BookStore\BookStore.csproj", "{6FB5531D-FAED-4789-B6C1-C124226D417E}"
EndProject
Global
	GlobalSection(SolutionConfigurationPlatforms) = preSolution
		Debug|Any CPU = Debug|Any CPU
		Release|Any CPU = Release|Any CPU
	EndGlobalSection
	GlobalSection(ProjectConfigurationPlatforms) = postSolution
		{6FB5531D-FAED-4789-B6C1-C124226D417E}.Debug|Any CPU.ActiveCfg = Debug|Any CPU
		{6FB5531D-FAED-4789-B6C1-C124226D417E}.Debug|Any CPU.Build.0 = Debug|Any CPU
		{6FB5531D-FAED-4789-B6C1-C124226D417E}.Release|Any CPU.ActiveCfg = Release|Any CPU
		{6FB5531D-FAED-4789-B6C1-C124226D417E}.Release|Any CPU.Build.0 = Release|Any CPU
	EndGlobalSection
	GlobalSection(SolutionProperties) = preSolution
		HideSolutionNode = FALSE
	EndGlobalSection
	GlobalSection(ExtensibilityGlobals) = postSolution
		SolutionGuid = {2E10A6EE-A748-47AE-A974-37BC3B54E5F4}
	EndGlobalSection
EndGlobal
